
Microsoft Visual Studio Solution File, Format Version 12.00
# Visual Studio 15
VisualStudioVersion = 15.0.27428.2005
MinimumVisualStudioVersion = 10.0.40219.1
Project("{9A19103F-16F7-4668-BE54-9A1E7A4F7556}") = "WebAPI", "WebAPI\WebAPI.csproj", "{5C3BD191-33E3-42A2-8774-0F51C52D5F2F}"
EndProject
Project("{9A19103F-16F7-4668-BE54-9A1E7A4F7556}") = "DataLayer", "DataLayer\DataLayer.csproj", "{0D1A7399-9DA2-462A-AFB5-6ED47ECAE3D9}"
EndProject
Global
	GlobalSection(SolutionConfigurationPlatforms) = preSolution
		Debug|Any CPU = Debug|Any CPU
		gearHost|Any CPU = gearHost|Any CPU
		Release|Any CPU = Release|Any CPU
	EndGlobalSection
	GlobalSection(ProjectConfigurationPlatforms) = postSolution
		{5C3BD191-33E3-42A2-8774-0F51C52D5F2F}.Debug|Any CPU.ActiveCfg = Debug|Any CPU
		{5C3BD191-33E3-42A2-8774-0F51C52D5F2F}.Debug|Any CPU.Build.0 = Debug|Any CPU
		{5C3BD191-33E3-42A2-8774-0F51C52D5F2F}.gearHost|Any CPU.ActiveCfg = gearHost|Any CPU
		{5C3BD191-33E3-42A2-8774-0F51C52D5F2F}.gearHost|Any CPU.Build.0 = gearHost|Any CPU
		{5C3BD191-33E3-42A2-8774-0F51C52D5F2F}.Release|Any CPU.ActiveCfg = Release|Any CPU
		{5C3BD191-33E3-42A2-8774-0F51C52D5F2F}.Release|Any CPU.Build.0 = Release|Any CPU
		{0D1A7399-9DA2-462A-AFB5-6ED47ECAE3D9}.Debug|Any CPU.ActiveCfg = Debug|Any CPU
		{0D1A7399-9DA2-462A-AFB5-6ED47ECAE3D9}.Debug|Any CPU.Build.0 = Debug|Any CPU
		{0D1A7399-9DA2-462A-AFB5-6ED47ECAE3D9}.gearHost|Any CPU.ActiveCfg = gearHost|Any CPU
		{0D1A7399-9DA2-462A-AFB5-6ED47ECAE3D9}.gearHost|Any CPU.Build.0 = gearHost|Any CPU
		{0D1A7399-9DA2-462A-AFB5-6ED47ECAE3D9}.Release|Any CPU.ActiveCfg = Release|Any CPU
		{0D1A7399-9DA2-462A-AFB5-6ED47ECAE3D9}.Release|Any CPU.Build.0 = Release|Any CPU
	EndGlobalSection
	GlobalSection(SolutionProperties) = preSolution
		HideSolutionNode = FALSE
	EndGlobalSection
	GlobalSection(ExtensibilityGlobals) = postSolution
		SolutionGuid = {9832DF39-24FC-4E33-BF5B-EFEF58F05BD7}
	EndGlobalSection
EndGlobal
